
Microsoft Visual Studio Solution File, Format Version 12.00
# Visual Studio Version 17
VisualStudioVersion = 17.5.33414.496
MinimumVisualStudioVersion = 10.0.40219.1
Project("{FAE04EC0-301F-11D3-BF4B-00C04F79EFBC}") = "examenAchouri", "examenAchouri\examenAchouri.csproj", "{BC84ED47-EB97-4740-B829-BA2203CF98EA}"
EndProject
Global
	GlobalSection(SolutionConfigurationPlatforms) = preSolution
		Debug|Any CPU = Debug|Any CPU
		Release|Any CPU = Release|Any CPU
	EndGlobalSection
	GlobalSection(ProjectConfigurationPlatforms) = postSolution
		{BC84ED47-EB97-4740-B829-BA2203CF98EA}.Debug|Any CPU.ActiveCfg = Debug|Any CPU
		{BC84ED47-EB97-4740-B829-BA2203CF98EA}.Debug|Any CPU.Build.0 = Debug|Any CPU
		{BC84ED47-EB97-4740-B829-BA2203CF98EA}.Release|Any CPU.ActiveCfg = Release|Any CPU
		{BC84ED47-EB97-4740-B829-BA2203CF98EA}.Release|Any CPU.Build.0 = Release|Any CPU
	EndGlobalSection
	GlobalSection(SolutionProperties) = preSolution
		HideSolutionNode = FALSE
	EndGlobalSection
	GlobalSection(ExtensibilityGlobals) = postSolution
		SolutionGuid = {27F34F2F-DC7A-45F9-B9D4-757C48803D65}
	EndGlobalSection
EndGlobal
